
Microsoft Visual Studio Solution File, Format Version 12.00
# Visual Studio 2012
Project("{FAE04EC0-301F-11D3-BF4B-00C04F79EFBC}") = "ndf5", "ndf5\ndf5.csproj", "{842DEB1E-4937-44D1-B7D8-56FB973CAD49}"
EndProject
Project("{FAE04EC0-301F-11D3-BF4B-00C04F79EFBC}") = "ndf5.tests", "ndf5.tests\ndf5.tests.csproj", "{36CEE255-46EB-4EBE-B05F-9B9345481A77}"
EndProject
Global
	GlobalSection(SolutionConfigurationPlatforms) = preSolution
		Debug|Any CPU = Debug|Any CPU
		Release|Any CPU = Release|Any CPU
	EndGlobalSection
	GlobalSection(ProjectConfigurationPlatforms) = postSolution
		{842DEB1E-4937-44D1-B7D8-56FB973CAD49}.Debug|Any CPU.ActiveCfg = Debug|Any CPU
		{842DEB1E-4937-44D1-B7D8-56FB973CAD49}.Debug|Any CPU.Build.0 = Debug|Any CPU
		{842DEB1E-4937-44D1-B7D8-56FB973CAD49}.Release|Any CPU.ActiveCfg = Release|Any CPU
		{842DEB1E-4937-44D1-B7D8-56FB973CAD49}.Release|Any CPU.Build.0 = Release|Any CPU
		{36CEE255-46EB-4EBE-B05F-9B9345481A77}.Debug|Any CPU.ActiveCfg = Debug|Any CPU
		{36CEE255-46EB-4EBE-B05F-9B9345481A77}.Debug|Any CPU.Build.0 = Debug|Any CPU
		{36CEE255-46EB-4EBE-B05F-9B9345481A77}.Release|Any CPU.ActiveCfg = Release|Any CPU
		{36CEE255-46EB-4EBE-B05F-9B9345481A77}.Release|Any CPU.Build.0 = Release|Any CPU
	EndGlobalSection
EndGlobal
